lockfileVersion: '9.0'

settings:
  autoInstallPeers: true
  excludeLinksFromLockfile: false

importers:

  .:
    dependencies:
      '@tabler/core':
        specifier: ^1.0.0-beta20
        version: 1.0.0-beta20

packages:

  '@popperjs/core@2.11.8':
    resolution: {integrity: sha512-P1st0aksCrn9sGZhp8GMYwBnQsbvAWsZAX44oXNNvLHGqAOcoVxmjZiohstwQ7SqKnbR47akdNi+uleWD8+g6A==}

  '@tabler/core@1.0.0-beta20':
    resolution: {integrity: sha512-OzKpur+Ug7e+HMbNJrMcSuWZGUsJTvu7HYboBNRE8qyo1RKIWqvwL5YewKBJ+odW5pDOqBPzbsS4je3EBQQxHw==}
    engines: {node: '>=18'}
    peerDependencies:
      '@melloware/coloris': ^0.19.1
      apexcharts: ^3.40.0
      autosize: ^6.0.1
      choices.js: ^10.2.0
      countup.js: ^2.6.2
      dropzone: ^6.0.0-beta.2
      flatpickr: ^4.6.13
      fslightbox: ^3.4.1
      imask: ^6.6.1
      jsvectormap: ^1.5.3
      list.js: ^2.3.1
      litepicker: ^2.0.12
      nouislider: ^15.7.0
      plyr: ^3.7.8
      star-rating.js: ^4.3.0
      tinymce: ^6.4.2
      tom-select: ^2.2.2
    peerDependenciesMeta:
      '@melloware/coloris':
        optional: true
      apexcharts:
        optional: true
      autosize:
        optional: true
      choices.js:
        optional: true
      countup.js:
        optional: true
      dropzone:
        optional: true
      flatpickr:
        optional: true
      fslightbox:
        optional: true
      imask:
        optional: true
      jsvectormap:
        optional: true
      list.js:
        optional: true
      litepicker:
        optional: true
      nouislider:
        optional: true
      plyr:
        optional: true
      star-rating.js:
        optional: true
      tinymce:
        optional: true
      tom-select:
        optional: true

  '@tabler/icons@2.47.0':
    resolution: {integrity: sha512-4w5evLh+7FUUiA1GucvGj2ReX2TvOjEr4ejXdwL/bsjoSkof6r1gQmzqI+VHrE2CpJpB3al7bCTulOkFa/RcyA==}

  bootstrap@5.3.1:
    resolution: {integrity: sha512-jzwza3Yagduci2x0rr9MeFSORjcHpt0lRZukZPZQJT1Dth5qzV7XcgGqYzi39KGAVYR8QEDVoO0ubFKOxzMG+g==}
    peerDependencies:
      '@popperjs/core': ^2.11.8

snapshots:

  '@popperjs/core@2.11.8': {}

  '@tabler/core@1.0.0-beta20':
    dependencies:
      '@popperjs/core': 2.11.8
      '@tabler/icons': 2.47.0
      bootstrap: 5.3.1(@popperjs/core@2.11.8)

  '@tabler/icons@2.47.0': {}

  bootstrap@5.3.1(@popperjs/core@2.11.8):
    dependencies:
      '@popperjs/core': 2.11.8
